# This file is automatically @generated by Cargo.
# It is not intended for manual editing.
version = 4

[[package]]
name = "map-macro"
version = "0.3.0"
source = "registry+https://github.com/rust-lang/crates.io-index"
checksum = "fb950a42259642e5a3483115aca87eebed2a64886993463af9c9739c205b8d3a"

[[package]]
name = "regular_app"
version = "0.1.0"
dependencies = [
 "map-macro",
]
